
Microsoft Visual Studio Solution File, Format Version 12.00
# Visual Studio Version 16
VisualStudioVersion = 16.0.30406.217
MinimumVisualStudioVersion = 10.0.40219.1
Project("{FAE04EC0-301F-11D3-BF4B-00C04F79EFBC}") = "Sim-Starter", "Sim-Starter\Sim-Starter.csproj", "{9F30D146-D5AD-428A-A206-6905D21793DA}"
EndProject
Global
	GlobalSection(SolutionConfigurationPlatforms) = preSolution
		Debug|Any CPU = Debug|Any CPU
		Release|Any CPU = Release|Any CPU
	EndGlobalSection
	GlobalSection(ProjectConfigurationPlatforms) = postSolution
		{9F30D146-D5AD-428A-A206-6905D21793DA}.Debug|Any CPU.ActiveCfg = Debug|Any CPU
		{9F30D146-D5AD-428A-A206-6905D21793DA}.Debug|Any CPU.Build.0 = Debug|Any CPU
		{9F30D146-D5AD-428A-A206-6905D21793DA}.Release|Any CPU.ActiveCfg = Release|Any CPU
		{9F30D146-D5AD-428A-A206-6905D21793DA}.Release|Any CPU.Build.0 = Release|Any CPU
	EndGlobalSection
	GlobalSection(SolutionProperties) = preSolution
		HideSolutionNode = FALSE
	EndGlobalSection
	GlobalSection(ExtensibilityGlobals) = postSolution
		SolutionGuid = {4562DBF3-9436-4EB8-A43F-4AAD2F3D6002}
	EndGlobalSection
EndGlobal
